{
  "lockfile_version": "1",
  "packages": {
    "gcc@16.2.0": {
      "last_modified": "2026-08-27T07:16:00Z",
      "resolved": "github:NixOS/nixpkgs/c27cdad491a991b11ed731760aa2ef8db0cb0410#gcc16",
      "source": "devbox-search",
      "version": "16.2.0",
      "systems": {
        "aarch64-darwin": {
          "outputs": [
            {
              "name": "out",
              "path": "/nix/store/z3zd0lklg2b8705zmx11cq35crddbpj4-gcc-wrapper-16.2.0",
              "default": true
            },
            {
              "name": "man",
              "path": "/nix/store/pbj8r9p89ilvfklxrj3fyvqdadac0861-gcc-wrapper-16.2.0-man",
              "default": true
            },
            {
              "name": "info",
              "path": "/nix/store/g210v8iyk80zy476vp9d7nkgvv5s3i1r-gcc-wrapper-16.2.0-info"
            }
          ],
          "store_path": "/nix/store/z3zd0lklg2b8705zmx11cq35crddbpj4-gcc-wrapper-16.2.0"
        },
        "aarch64-linux": {
          "outputs": [
            {
              "name": "out",
              "path": "/nix/store/d0a9bdlmsac38hi0kscqcnh2pn4439ss-gcc-wrapper-16.2.0",
              "default": true
            },
            {
              "name": "man",
              "path": "/nix/store/pyn8mm9fribahydk1bxby0c56r3qmfmb-gcc-wrapper-16.2.0-man",
              "default": true
            },
            {
              "name": "info",
              "path": "/nix/store/7vfckbslv452rdwwcqa5r5i4rq47m3rj-gcc-wrapper-16.2.0-info"
            }
          ],
          "store_path": "/nix/store/d0a9bdlmsac38hi0kscqcnh2pn4439ss-gcc-wrapper-16.2.0"
        },
        "x86_64-linux": {
          "outputs": [
            {
              "name": "out",
              "path": "/nix/store/8pfs1i59j9zxy2c7h0wmb8vcda75pjxv-gcc-wrapper-16.2.0",
              "default": true
            },
            {
              "name": "man",
              "path": "/nix/store/pmnqpcv27gdk4nf3py76fcr2g42f2ybb-gcc-wrapper-16.2.0-man",
              "default": true
            },
            {
              "name": "info",
              "path": "/nix/store/nh1dnj05p8lygbd8hkvj07r1h5vvbbqf-gcc-wrapper-16.2.0-info"
            }
          ],
          "store_path": "/nix/store/8pfs1i59j9zxy2c7h0wmb8vcda75pjxv-gcc-wrapper-16.2.0"
        }
      }
    },
    "github:NixOS/nixpkgs/nixpkgs-unstable": {
      "last_modified": "2026-09-10T20:56:27Z",
      "resolved": "github:NixOS/nixpkgs/aff8a0b28396750446e5537a96461bc4facdb287?lastModified=1789073787&narHash=sha256-xfX%2FtoC2QV707s06GbP4II%2FTxYF0fNQj7s5%2FLClNDKc%3D"
    },
    "github:dagger/nix/4a39fb35b724a8f85c254fa1513fa0ffc17162e7#packages.aarch64-darwin.dagger": {
      "last_modified": "2026-08-26T13:45:59Z",
      "resolved": "github:dagger/nix/4a39fb35b724a8f85c254fa1513fa0ffc17162e7?lastModified=1787751959&narHash=sha256-IY0FDSvjme7YH%2FUwQJNasYLEd9Ryw25urF3ZxsH3WJM%3D#packages.aarch64-darwin.dagger"
    },
    "github:dagger/nix/4a39fb35b724a8f85c254fa1513fa0ffc17162e7#packages.aarch64-linux.dagger": {
      "last_modified": "2026-08-26T13:45:59Z",
      "resolved": "github:dagger/nix/4a39fb35b724a8f85c254fa1513fa0ffc17162e7?lastModified=1787751959&narHash=sha256-IY0FDSvjme7YH%2FUwQJNasYLEd9Ryw25urF3ZxsH3WJM%3D#packages.aarch64-linux.dagger"
    },
    "github:dagger/nix/4a39fb35b724a8f85c254fa1513fa0ffc17162e7#packages.x86_64-darwin.dagger": {
      "last_modified": "2026-08-26T13:45:59Z",
      "resolved": "github:dagger/nix/4a39fb35b724a8f85c254fa1513fa0ffc17162e7?lastModified=1787751959&narHash=sha256-IY0FDSvjme7YH%2FUwQJNasYLEd9Ryw25urF3ZxsH3WJM%3D#packages.x86_64-darwin.dagger"
    },
    "github:dagger/nix/4a39fb35b724a8f85c254fa1513fa0ffc17162e7#packages.x86_64-linux.dagger": {
      "last_modified": "2026-08-26T13:45:59Z",
      "resolved": "github:dagger/nix/4a39fb35b724a8f85c254fa1513fa0ffc17162e7?lastModified=1787751959&narHash=sha256-IY0FDSvjme7YH%2FUwQJNasYLEd9Ryw25urF3ZxsH3WJM%3D#packages.x86_64-linux.dagger"
    },
    "go-task@3.53.1": {
      "last_modified": "2026-08-27T07:16:00Z",
      "resolved": "github:NixOS/nixpkgs/c27cdad491a991b11ed731760aa2ef8db0cb0410#go-task",
      "source": "devbox-search",
      "version": "3.53.1",
      "systems": {
        "aarch64-darwin": {
          "outputs": [
            {
              "name": "out",
              "path": "/nix/store/2cp94m0qgih229db2yg2x30rwzrwdamk-go-task-3.53.1",
              "default": true
            }
          ],
          "store_path": "/nix/store/2cp94m0qgih229db2yg2x30rwzrwdamk-go-task-3.53.1"
        },
        "aarch64-linux": {
          "outputs": [
            {
              "name": "out",
              "path": "/nix/store/5wxmmkjhivk4lrx09acasbyffya5q640-go-task-3.53.1",
              "default": true
            }
          ],
          "store_path": "/nix/store/5wxmmkjhivk4lrx09acasbyffya5q640-go-task-3.53.1"
        },
        "x86_64-linux": {
          "outputs": [
            {
              "name": "out",
              "path": "/nix/store/bvzzl57kpmvzb6aj0v0yc45gvw8ggf2a-go-task-3.53.1",
              "default": true
            }
          ],
          "store_path": "/nix/store/bvzzl57kpmvzb6aj0v0yc45gvw8ggf2a-go-task-3.53.1"
        }
      }
    },
    "go@1.27.0": {
      "last_modified": "2026-08-27T07:16:00Z",
      "resolved": "github:NixOS/nixpkgs/c27cdad491a991b11ed731760aa2ef8db0cb0410#go_1_27",
      "source": "devbox-search",
      "version": "1.27.0",
      "systems": {
        "aarch64-darwin": {
          "outputs": [
            {
              "name": "out",
              "path": "/nix/store/lz3qw52rpazqga73xgsqlj4qz1lgs4hg-go-1.27.0",
              "default": true
            }
          ],
          "store_path": "/nix/store/lz3qw52rpazqga73xgsqlj4qz1lgs4hg-go-1.27.0"
        },
        "aarch64-linux": {
          "outputs": [
            {
              "name": "out",
              "path": "/nix/store/zqjvg5805xkf6zsd8nrdvgbv58yw2phr-go-1.27.0",
              "default": true
            }
          ],
          "store_path": "/nix/store/zqjvg5805xkf6zsd8nrdvgbv58yw2phr-go-1.27.0"
        },
        "x86_64-linux": {
          "outputs": [
            {
              "name": "out",
              "path": "/nix/store/fibbp1k5gcpaxcin4dzk70yd056rfjhg-go-1.27.0",
              "default": true
            }
          ],
          "store_path": "/nix/store/fibbp1k5gcpaxcin4dzk70yd056rfjhg-go-1.27.0"
        }
      }
    },
    "golangci-lint@2.13.1": {
      "last_modified": "2026-08-27T07:16:00Z",
      "resolved": "github:NixOS/nixpkgs/c27cdad491a991b11ed731760aa2ef8db0cb0410#golangci-lint",
      "source": "devbox-search",
      "version": "2.13.1",
      "systems": {
        "aarch64-darwin": {
          "outputs": [
            {
              "name": "out",
              "path": "/nix/store/vyl94dsc8a2vfpx0h9hs3ls3w9hfcyfa-golangci-lint-2.13.1",
              "default": true
            }
          ],
          "store_path": "/nix/store/vyl94dsc8a2vfpx0h9hs3ls3w9hfcyfa-golangci-lint-2.13.1"
        },
        "aarch64-linux": {
          "outputs": [
            {
              "name": "out",
              "path": "/nix/store/zg1nnbiiaiq65v0h4b22hqlqpqa8ja0j-golangci-lint-2.13.1",
              "default": true
            }
          ],
          "store_path": "/nix/store/zg1nnbiiaiq65v0h4b22hqlqpqa8ja0j-golangci-lint-2.13.1"
        },
        "x86_64-linux": {
          "outputs": [
            {
              "name": "out",
              "path": "/nix/store/sqm80s7p5kx9j4ia19rw3jy41ajx1v73-golangci-lint-2.13.1",
              "default": true
            }
          ],
          "store_path": "/nix/store/sqm80s7p5kx9j4ia19rw3jy41ajx1v73-golangci-lint-2.13.1"
        }
      }
    },
    "lefthook@2.1.10": {
      "last_modified": "2026-08-27T07:16:00Z",
      "resolved": "github:NixOS/nixpkgs/c27cdad491a991b11ed731760aa2ef8db0cb0410#lefthook",
      "source": "devbox-search",
      "version": "2.1.10",
      "systems": {
        "aarch64-darwin": {
          "outputs": [
            {
              "name": "out",
              "path": "/nix/store/p9qmpwmv4r8igpgclxv9c3w37pnf4bpw-lefthook-2.1.10",
              "default": true
            }
          ],
          "store_path": "/nix/store/p9qmpwmv4r8igpgclxv9c3w37pnf4bpw-lefthook-2.1.10"
        },
        "aarch64-linux": {
          "outputs": [
            {
              "name": "out",
              "path": "/nix/store/hs4asvnkssmqgryq0hzg8prw2i5216ix-lefthook-2.1.10",
              "default": true
            }
          ],
          "store_path": "/nix/store/hs4asvnkssmqgryq0hzg8prw2i5216ix-lefthook-2.1.10"
        },
        "x86_64-linux": {
          "outputs": [
            {
              "name": "out",
              "path": "/nix/store/yvngyq9r8vj9jb0rwvx74bdqy3gc7kqy-lefthook-2.1.10",
              "default": true
            }
          ],
          "store_path": "/nix/store/yvngyq9r8vj9jb0rwvx74bdqy3gc7kqy-lefthook-2.1.10"
        }
      }
    },
    "prettier@3.9.6": {
      "last_modified": "2026-08-27T23:47:58Z",
      "resolved": "github:NixOS/nixpkgs/7d1a7c21a4c00ea653fc7ed5c083d261340f185f#prettier",
      "source": "devbox-search",
      "version": "3.9.6",
      "systems": {
        "aarch64-darwin": {
          "outputs": [
            {
              "name": "out",
              "path": "/nix/store/9j82cqj3msajb0j2kikka3x5s3sh7r0v-prettier-3.9.6",
              "default": true
            }
          ],
          "store_path": "/nix/store/9j82cqj3msajb0j2kikka3x5s3sh7r0v-prettier-3.9.6"
        },
        "aarch64-linux": {
          "outputs": [
            {
              "name": "out",
              "path": "/nix/store/15dd37yjin93zikq6mzfb2llldb44sfv-prettier-3.9.6",
              "default": true
            }
          ],
          "store_path": "/nix/store/15dd37yjin93zikq6mzfb2llldb44sfv-prettier-3.9.6"
        },
        "x86_64-linux": {
          "outputs": [
            {
              "name": "out",
              "path": "/nix/store/adglp5sp9z99rvk57bp9fn5k3ha7pq42-prettier-3.9.6",
              "default": true
            }
          ],
          "store_path": "/nix/store/adglp5sp9z99rvk57bp9fn5k3ha7pq42-prettier-3.9.6"
        }
      }
    },
    "vhs@0.11.0": {
      "last_modified": "2026-08-28T08:26:42Z",
      "resolved": "github:NixOS/nixpkgs/0e7911a191ea0fb9d6e8e771d24736d3618f8b1f#vhs",
      "source": "devbox-search",
      "version": "0.11.0",
      "systems": {
        "aarch64-darwin": {
          "outputs": [
            {
              "name": "out",
              "path": "/nix/store/a12zd9csxah13j5znddyz8dy0siq1xx8-vhs-0.11.0",
              "default": true
            }
          ],
          "store_path": "/nix/store/a12zd9csxah13j5znddyz8dy0siq1xx8-vhs-0.11.0"
        },
        "aarch64-linux": {
          "outputs": [
            {
              "name": "out",
              "path": "/nix/store/3iv02ghysgnp5ay1jnv5cjgsxqw78i27-vhs-0.11.0",
              "default": true
            }
          ],
          "store_path": "/nix/store/3iv02ghysgnp5ay1jnv5cjgsxqw78i27-vhs-0.11.0"
        },
        "x86_64-darwin": {
          "outputs": [
            {
              "name": "out",
              "path": "/nix/store/dpbwcyq99l3lm4p17imyc4vw0r3rrkd6-vhs-0.11.0",
              "default": true
            }
          ],
          "store_path": "/nix/store/dpbwcyq99l3lm4p17imyc4vw0r3rrkd6-vhs-0.11.0"
        },
        "x86_64-linux": {
          "outputs": [
            {
              "name": "out",
              "path": "/nix/store/8s8w5cm674xxyws3psfmpz06ahqbkmpa-vhs-0.11.0",
              "default": true
            }
          ],
          "store_path": "/nix/store/8s8w5cm674xxyws3psfmpz06ahqbkmpa-vhs-0.11.0"
        }
      }
    }
  }
}
